
Microsoft Visual Studio Solution File, Format Version 12.00
# Visual Studio Version 17
VisualStudioVersion = 17.0.32002.185
MinimumVisualStudioVersion = 10.0.40219.1
Project("{9A19103F-16F7-4668-BE54-9A1E7A4F7556}") = "BeSpoked Bikes", "BeSpoked Bikes\BeSpoked Bikes.csproj", "{F86A75D2-54E8-4999-A835-4D989C4566E4}"
EndProject
Global
	GlobalSection(SolutionConfigurationPlatforms) = preSolution
		Debug|Any CPU = Debug|Any CPU
		Release|Any CPU = Release|Any CPU
	EndGlobalSection
	GlobalSection(ProjectConfigurationPlatforms) = postSolution
		{F86A75D2-54E8-4999-A835-4D989C4566E4}.Debug|Any CPU.ActiveCfg = Debug|Any CPU
		{F86A75D2-54E8-4999-A835-4D989C4566E4}.Debug|Any CPU.Build.0 = Debug|Any CPU
		{F86A75D2-54E8-4999-A835-4D989C4566E4}.Release|Any CPU.ActiveCfg = Release|Any CPU
		{F86A75D2-54E8-4999-A835-4D989C4566E4}.Release|Any CPU.Build.0 = Release|Any CPU
	EndGlobalSection
	GlobalSection(SolutionProperties) = preSolution
		HideSolutionNode = FALSE
	EndGlobalSection
	GlobalSection(ExtensibilityGlobals) = postSolution
		SolutionGuid = {CAA3CDF6-AF37-4118-97FD-E7782A8E923F}
	EndGlobalSection
EndGlobal
